
Microsoft Visual Studio Solution File, Format Version 12.00
# Visual Studio Version 18
VisualStudioVersion = 18.1.11312.151
MinimumVisualStudioVersion = 10.0.40219.1
Project("{9A19103F-16F7-4668-BE54-9A1E7A4F7556}") = "Koalesce.OpenAPI", "src\Koalesce.OpenAPI\Koalesce.OpenAPI.csproj", "{13470239-5AF1-4551-B6E3-E1C0E6C64322}"
EndProject
Project("{9A19103F-16F7-4668-BE54-9A1E7A4F7556}") = "Koalesce.Core", "src\Koalesce.Core\Koalesce.Core.csproj", "{36DD3086-C188-41EC-A2D2-54F36B8E268B}"
EndProject
Project("{2150E333-8FDC-42A3-9474-1A3956D46DE8}") = "Koalesce", "Koalesce", "{094D59F8-3B88-4885-8669-9A5C22B80860}"
EndProject
Project("{2150E333-8FDC-42A3-9474-1A3956D46DE8}") = "Tests", "Tests", "{0FF52D1A-6FB9-43D2-B224-E981019FAA5F}"
EndProject
Project("{9A19103F-16F7-4668-BE54-9A1E7A4F7556}") = "Koalesce.OpenAPI.CLI", "src\Koalesce.OpenAPI.CLI\Koalesce.OpenAPI.CLI.csproj", "{CAAC9F3E-0CAF-4FC2-9FC2-E73157658310}"
EndProject
Project("{FAE04EC0-301F-11D3-BF4B-00C04F79EFBC}") = "Koalesce.OpenAPI.Tests", "tests\Koalesce.OpenAPI.Tests\Koalesce.OpenAPI.Tests.csproj", "{379F6EF5-0C12-4F3F-B031-07DB8A5E3A42}"
EndProject
Project("{FAE04EC0-301F-11D3-BF4B-00C04F79EFBC}") = "Koalesce.Core.Tests", "tests\Koalesce.Core.Tests\Koalesce.Core.Tests.csproj", "{28FDE61C-9989-9CA8-AFAF-D2761276F610}"
EndProject
Project("{FAE04EC0-301F-11D3-BF4B-00C04F79EFBC}") = "Koalesce.OpenAPI.CLI.Tests", "tests\Koalesce.OpenAPI.CLI.Tests\Koalesce.OpenAPI.CLI.Tests.csproj", "{393B1F95-C6DF-4F38-8192-29F66F300E83}"
EndProject
Global
	GlobalSection(SolutionConfigurationPlatforms) = preSolution
		Debug|Any CPU = Debug|Any CPU
		Release|Any CPU = Release|Any CPU
	EndGlobalSection
	GlobalSection(ProjectConfigurationPlatforms) = postSolution
		{13470239-5AF1-4551-B6E3-E1C0E6C64322}.Debug|Any CPU.ActiveCfg = Debug|Any CPU
		{13470239-5AF1-4551-B6E3-E1C0E6C64322}.Debug|Any CPU.Build.0 = Debug|Any CPU
		{13470239-5AF1-4551-B6E3-E1C0E6C64322}.Release|Any CPU.ActiveCfg = Release|Any CPU
		{13470239-5AF1-4551-B6E3-E1C0E6C64322}.Release|Any CPU.Build.0 = Release|Any CPU
		{36DD3086-C188-41EC-A2D2-54F36B8E268B}.Debug|Any CPU.ActiveCfg = Debug|Any CPU
		{36DD3086-C188-41EC-A2D2-54F36B8E268B}.Debug|Any CPU.Build.0 = Debug|Any CPU
		{36DD3086-C188-41EC-A2D2-54F36B8E268B}.Release|Any CPU.ActiveCfg = Release|Any CPU
		{36DD3086-C188-41EC-A2D2-54F36B8E268B}.Release|Any CPU.Build.0 = Release|Any CPU
		{CAAC9F3E-0CAF-4FC2-9FC2-E73157658310}.Debug|Any CPU.ActiveCfg = Debug|Any CPU
		{CAAC9F3E-0CAF-4FC2-9FC2-E73157658310}.Debug|Any CPU.Build.0 = Debug|Any CPU
		{CAAC9F3E-0CAF-4FC2-9FC2-E73157658310}.Release|Any CPU.ActiveCfg = Release|Any CPU
		{CAAC9F3E-0CAF-4FC2-9FC2-E73157658310}.Release|Any CPU.Build.0 = Release|Any CPU
		{379F6EF5-0C12-4F3F-B031-07DB8A5E3A42}.Debug|Any CPU.ActiveCfg = Debug|Any CPU
		{379F6EF5-0C12-4F3F-B031-07DB8A5E3A42}.Debug|Any CPU.Build.0 = Debug|Any CPU
		{379F6EF5-0C12-4F3F-B031-07DB8A5E3A42}.Release|Any CPU.ActiveCfg = Release|Any CPU
		{379F6EF5-0C12-4F3F-B031-07DB8A5E3A42}.Release|Any CPU.Build.0 = Release|Any CPU
		{28FDE61C-9989-9CA8-AFAF-D2761276F610}.Debug|Any CPU.ActiveCfg = Debug|Any CPU
		{28FDE61C-9989-9CA8-AFAF-D2761276F610}.Debug|Any CPU.Build.0 = Debug|Any CPU
		{28FDE61C-9989-9CA8-AFAF-D2761276F610}.Release|Any CPU.ActiveCfg = Release|Any CPU
		{28FDE61C-9989-9CA8-AFAF-D2761276F610}.Release|Any CPU.Build.0 = Release|Any CPU
		{393B1F95-C6DF-4F38-8192-29F66F300E83}.Debug|Any CPU.ActiveCfg = Debug|Any CPU
		{393B1F95-C6DF-4F38-8192-29F66F300E83}.Debug|Any CPU.Build.0 = Debug|Any CPU
		{393B1F95-C6DF-4F38-8192-29F66F300E83}.Release|Any CPU.ActiveCfg = Release|Any CPU
		{393B1F95-C6DF-4F38-8192-29F66F300E83}.Release|Any CPU.Build.0 = Release|Any CPU
	EndGlobalSection
	GlobalSection(SolutionProperties) = preSolution
		HideSolutionNode = FALSE
	EndGlobalSection
	GlobalSection(NestedProjects) = preSolution
		{13470239-5AF1-4551-B6E3-E1C0E6C64322} = {094D59F8-3B88-4885-8669-9A5C22B80860}
		{36DD3086-C188-41EC-A2D2-54F36B8E268B} = {094D59F8-3B88-4885-8669-9A5C22B80860}
		{CAAC9F3E-0CAF-4FC2-9FC2-E73157658310} = {094D59F8-3B88-4885-8669-9A5C22B80860}
		{379F6EF5-0C12-4F3F-B031-07DB8A5E3A42} = {0FF52D1A-6FB9-43D2-B224-E981019FAA5F}
		{28FDE61C-9989-9CA8-AFAF-D2761276F610} = {0FF52D1A-6FB9-43D2-B224-E981019FAA5F}
		{393B1F95-C6DF-4F38-8192-29F66F300E83} = {0FF52D1A-6FB9-43D2-B224-E981019FAA5F}
	EndGlobalSection
	GlobalSection(ExtensibilityGlobals) = postSolution
		SolutionGuid = {AB1241EC-E4BC-4518-A486-776F861DCFA5}
	EndGlobalSection
EndGlobal
