
Microsoft Visual Studio Solution File, Format Version 12.00
# Visual Studio Version 17
VisualStudioVersion = 17.11.35431.28
MinimumVisualStudioVersion = 10.0.40219.1
Project("{9A19103F-16F7-4668-BE54-9A1E7A4F7556}") = "Koalesce.OpenAPI", "src\Koalesce.OpenAPI\Koalesce.OpenAPI.csproj", "{13470239-5AF1-4551-B6E3-E1C0E6C64322}"
EndProject
Project("{9A19103F-16F7-4668-BE54-9A1E7A4F7556}") = "Koalesce.Core", "src\Koalesce.Core\Koalesce.Core.csproj", "{36DD3086-C188-41EC-A2D2-54F36B8E268B}"
EndProject
Project("{2150E333-8FDC-42A3-9474-1A3956D46DE8}") = "src", "src", "{094D59F8-3B88-4885-8669-9A5C22B80860}"
EndProject
Project("{2150E333-8FDC-42A3-9474-1A3956D46DE8}") = "tests", "tests", "{0FF52D1A-6FB9-43D2-B224-E981019FAA5F}"
EndProject
Project("{9A19103F-16F7-4668-BE54-9A1E7A4F7556}") = "Koalesce.Tests.Unit", "tests\Koalesce.Tests.Unit\Koalesce.Tests.Unit.csproj", "{9D73058A-BFEE-4D12-95AE-96C042275A86}"
EndProject
Project("{9A19103F-16F7-4668-BE54-9A1E7A4F7556}") = "Koalesce.Tests.Integration", "tests\Koalesce.Tests.Integration\Koalesce.Tests.Integration.csproj", "{BA1816FE-9E51-409D-BF68-FE599642C0C8}"
EndProject
Project("{2150E333-8FDC-42A3-9474-1A3956D46DE8}") = "samples", "samples", "{7BBC964A-68E8-4C16-AC1F-D52B1365D4BF}"
EndProject
Project("{9A19103F-16F7-4668-BE54-9A1E7A4F7556}") = "Koalesce.Samples.Swagger.Ocelot", "samples\Koalesce.Samples.Swagger.Ocelot\Koalesce.Samples.Swagger.Ocelot.csproj", "{63B5DDFD-3055-45C8-B834-420EAA44E54D}"
EndProject
Project("{9A19103F-16F7-4668-BE54-9A1E7A4F7556}") = "Koalesce.Samples.Swagger", "samples\Koalesce.Samples.Swagger\Koalesce.Samples.Swagger.csproj", "{22CD9FCD-FF63-44D2-8953-0F836035488B}"
EndProject
Project("{9A19103F-16F7-4668-BE54-9A1E7A4F7556}") = "Koalesce.Samples.ProductsAPI", "samples\Koalesce.Samples.ProductsAPI\Koalesce.Samples.ProductsAPI.csproj", "{FA6AE7B4-CACB-4C71-B7C2-B37586AA052A}"
EndProject
Project("{9A19103F-16F7-4668-BE54-9A1E7A4F7556}") = "Koalesce.Samples.CustomersAPI", "samples\Koalesce.Samples.CustomersAPI\Koalesce.Samples.CustomersAPI.csproj", "{81BEE2C8-0DA2-4B30-93F4-A5B564B1B78F}"
EndProject
Project("{2150E333-8FDC-42A3-9474-1A3956D46DE8}") = "RestAPIs", "RestAPIs", "{4329D5C5-2B16-4783-8D50-CF7CF3F902A6}"
EndProject
Project("{9A19103F-16F7-4668-BE54-9A1E7A4F7556}") = "Koalesce.Samples.Kiota", "samples\Koalesce.Samples.Kiota\Koalesce.Samples.Kiota.csproj", "{C18D2C28-CEAC-4E07-8601-4BEC16071EAE}"
EndProject
Project("{9A19103F-16F7-4668-BE54-9A1E7A4F7556}") = "Koalesce.OpenAPI.CLI", "src\Koalesce.OpenAPI.CLI\Koalesce.OpenAPI.CLI.csproj", "{CAAC9F3E-0CAF-4FC2-9FC2-E73157658310}"
EndProject
Global
	GlobalSection(SolutionConfigurationPlatforms) = preSolution
		Debug|Any CPU = Debug|Any CPU
		Release|Any CPU = Release|Any CPU
	EndGlobalSection
	GlobalSection(ProjectConfigurationPlatforms) = postSolution
		{13470239-5AF1-4551-B6E3-E1C0E6C64322}.Debug|Any CPU.ActiveCfg = Debug|Any CPU
		{13470239-5AF1-4551-B6E3-E1C0E6C64322}.Debug|Any CPU.Build.0 = Debug|Any CPU
		{13470239-5AF1-4551-B6E3-E1C0E6C64322}.Release|Any CPU.ActiveCfg = Release|Any CPU
		{13470239-5AF1-4551-B6E3-E1C0E6C64322}.Release|Any CPU.Build.0 = Release|Any CPU
		{36DD3086-C188-41EC-A2D2-54F36B8E268B}.Debug|Any CPU.ActiveCfg = Debug|Any CPU
		{36DD3086-C188-41EC-A2D2-54F36B8E268B}.Debug|Any CPU.Build.0 = Debug|Any CPU
		{36DD3086-C188-41EC-A2D2-54F36B8E268B}.Release|Any CPU.ActiveCfg = Release|Any CPU
		{36DD3086-C188-41EC-A2D2-54F36B8E268B}.Release|Any CPU.Build.0 = Release|Any CPU
		{9D73058A-BFEE-4D12-95AE-96C042275A86}.Debug|Any CPU.ActiveCfg = Debug|Any CPU
		{9D73058A-BFEE-4D12-95AE-96C042275A86}.Debug|Any CPU.Build.0 = Debug|Any CPU
		{9D73058A-BFEE-4D12-95AE-96C042275A86}.Release|Any CPU.ActiveCfg = Release|Any CPU
		{9D73058A-BFEE-4D12-95AE-96C042275A86}.Release|Any CPU.Build.0 = Release|Any CPU
		{BA1816FE-9E51-409D-BF68-FE599642C0C8}.Debug|Any CPU.ActiveCfg = Debug|Any CPU
		{BA1816FE-9E51-409D-BF68-FE599642C0C8}.Debug|Any CPU.Build.0 = Debug|Any CPU
		{BA1816FE-9E51-409D-BF68-FE599642C0C8}.Release|Any CPU.ActiveCfg = Release|Any CPU
		{BA1816FE-9E51-409D-BF68-FE599642C0C8}.Release|Any CPU.Build.0 = Release|Any CPU
		{63B5DDFD-3055-45C8-B834-420EAA44E54D}.Debug|Any CPU.ActiveCfg = Debug|Any CPU
		{63B5DDFD-3055-45C8-B834-420EAA44E54D}.Debug|Any CPU.Build.0 = Debug|Any CPU
		{63B5DDFD-3055-45C8-B834-420EAA44E54D}.Release|Any CPU.ActiveCfg = Release|Any CPU
		{63B5DDFD-3055-45C8-B834-420EAA44E54D}.Release|Any CPU.Build.0 = Release|Any CPU
		{22CD9FCD-FF63-44D2-8953-0F836035488B}.Debug|Any CPU.ActiveCfg = Debug|Any CPU
		{22CD9FCD-FF63-44D2-8953-0F836035488B}.Debug|Any CPU.Build.0 = Debug|Any CPU
		{22CD9FCD-FF63-44D2-8953-0F836035488B}.Release|Any CPU.ActiveCfg = Release|Any CPU
		{22CD9FCD-FF63-44D2-8953-0F836035488B}.Release|Any CPU.Build.0 = Release|Any CPU
		{FA6AE7B4-CACB-4C71-B7C2-B37586AA052A}.Debug|Any CPU.ActiveCfg = Debug|Any CPU
		{FA6AE7B4-CACB-4C71-B7C2-B37586AA052A}.Debug|Any CPU.Build.0 = Debug|Any CPU
		{FA6AE7B4-CACB-4C71-B7C2-B37586AA052A}.Release|Any CPU.ActiveCfg = Release|Any CPU
		{FA6AE7B4-CACB-4C71-B7C2-B37586AA052A}.Release|Any CPU.Build.0 = Release|Any CPU
		{81BEE2C8-0DA2-4B30-93F4-A5B564B1B78F}.Debug|Any CPU.ActiveCfg = Debug|Any CPU
		{81BEE2C8-0DA2-4B30-93F4-A5B564B1B78F}.Debug|Any CPU.Build.0 = Debug|Any CPU
		{81BEE2C8-0DA2-4B30-93F4-A5B564B1B78F}.Release|Any CPU.ActiveCfg = Release|Any CPU
		{81BEE2C8-0DA2-4B30-93F4-A5B564B1B78F}.Release|Any CPU.Build.0 = Release|Any CPU
		{C18D2C28-CEAC-4E07-8601-4BEC16071EAE}.Debug|Any CPU.ActiveCfg = Debug|Any CPU
		{C18D2C28-CEAC-4E07-8601-4BEC16071EAE}.Debug|Any CPU.Build.0 = Debug|Any CPU
		{C18D2C28-CEAC-4E07-8601-4BEC16071EAE}.Release|Any CPU.ActiveCfg = Release|Any CPU
		{C18D2C28-CEAC-4E07-8601-4BEC16071EAE}.Release|Any CPU.Build.0 = Release|Any CPU
		{CAAC9F3E-0CAF-4FC2-9FC2-E73157658310}.Debug|Any CPU.ActiveCfg = Debug|Any CPU
		{CAAC9F3E-0CAF-4FC2-9FC2-E73157658310}.Debug|Any CPU.Build.0 = Debug|Any CPU
		{CAAC9F3E-0CAF-4FC2-9FC2-E73157658310}.Release|Any CPU.ActiveCfg = Release|Any CPU
		{CAAC9F3E-0CAF-4FC2-9FC2-E73157658310}.Release|Any CPU.Build.0 = Release|Any CPU
	EndGlobalSection
	GlobalSection(SolutionProperties) = preSolution
		HideSolutionNode = FALSE
	EndGlobalSection
	GlobalSection(NestedProjects) = preSolution
		{13470239-5AF1-4551-B6E3-E1C0E6C64322} = {094D59F8-3B88-4885-8669-9A5C22B80860}
		{36DD3086-C188-41EC-A2D2-54F36B8E268B} = {094D59F8-3B88-4885-8669-9A5C22B80860}
		{9D73058A-BFEE-4D12-95AE-96C042275A86} = {0FF52D1A-6FB9-43D2-B224-E981019FAA5F}
		{BA1816FE-9E51-409D-BF68-FE599642C0C8} = {0FF52D1A-6FB9-43D2-B224-E981019FAA5F}
		{63B5DDFD-3055-45C8-B834-420EAA44E54D} = {7BBC964A-68E8-4C16-AC1F-D52B1365D4BF}
		{22CD9FCD-FF63-44D2-8953-0F836035488B} = {7BBC964A-68E8-4C16-AC1F-D52B1365D4BF}
		{FA6AE7B4-CACB-4C71-B7C2-B37586AA052A} = {4329D5C5-2B16-4783-8D50-CF7CF3F902A6}
		{81BEE2C8-0DA2-4B30-93F4-A5B564B1B78F} = {4329D5C5-2B16-4783-8D50-CF7CF3F902A6}
		{4329D5C5-2B16-4783-8D50-CF7CF3F902A6} = {7BBC964A-68E8-4C16-AC1F-D52B1365D4BF}
		{C18D2C28-CEAC-4E07-8601-4BEC16071EAE} = {7BBC964A-68E8-4C16-AC1F-D52B1365D4BF}
		{CAAC9F3E-0CAF-4FC2-9FC2-E73157658310} = {094D59F8-3B88-4885-8669-9A5C22B80860}
	EndGlobalSection
	GlobalSection(ExtensibilityGlobals) = postSolution
		SolutionGuid = {AB1241EC-E4BC-4518-A486-776F861DCFA5}
	EndGlobalSection
EndGlobal
