Microsoft Visual Studio Solution File, Format Version 12.00
# Visual Studio Version 18
VisualStudioVersion = 18.1.11312.151
MinimumVisualStudioVersion = 10.0.40219.1
Project("{2150E333-8FDC-42A3-9474-1A3956D46DE8}") = "Koalesce", "Koalesce", "{A1B2C3D4-E5F6-7890-ABCD-EF1234567890}"
EndProject
Project("{FAE04EC0-301F-11D3-BF4B-00C04F79EFBC}") = "Koalesce.Core", "..\src\Koalesce.Core\Koalesce.Core.csproj", "{D1E2F3A4-B5C6-7890-ABCD-123456789ABC}"
EndProject
Project("{2150E333-8FDC-42A3-9474-1A3956D46DE8}") = "Samples", "Samples", "{6EFC4701-9ADF-458B-BB9E-3E2B496C91A5}"
EndProject
Project("{2150E333-8FDC-42A3-9474-1A3956D46DE8}") = "RestAPIs", "RestAPIs", "{C62290A1-D555-44BC-9399-789F9799E526}"
EndProject
Project("{FAE04EC0-301F-11D3-BF4B-00C04F79EFBC}") = "Koalesce", "..\src\Koalesce\Koalesce.csproj", "{DBD73E05-8B4A-EAA3-2AF3-4C0188FB706E}"
EndProject
Project("{FAE04EC0-301F-11D3-BF4B-00C04F79EFBC}") = "Koalesce.Samples.CustomersAPI", "Koalesce.Samples\Koalesce.Samples.CustomersAPI\Koalesce.Samples.CustomersAPI.csproj", "{BB6164C8-7492-6AA7-4008-0D8826C3BDCA}"
EndProject
Project("{FAE04EC0-301F-11D3-BF4B-00C04F79EFBC}") = "Koalesce.Samples.ProductsAPI", "Koalesce.Samples\Koalesce.Samples.ProductsAPI\Koalesce.Samples.ProductsAPI.csproj", "{12EDDE4D-7791-D733-C76E-9005DA577062}"
EndProject
Project("{FAE04EC0-301F-11D3-BF4B-00C04F79EFBC}") = "Koalesce.Samples.InventoryAPI", "Koalesce.Samples\Koalesce.Samples.InventoryAPI\Koalesce.Samples.InventoryAPI.csproj", "{2972A6A4-45BF-D6BB-0CB7-8B4F1CE5C42F}"
EndProject
Project("{FAE04EC0-301F-11D3-BF4B-00C04F79EFBC}") = "Koalesce.Samples.Ocelot", "Koalesce.Samples\Koalesce.Samples.Ocelot\Koalesce.Samples.Ocelot.csproj", "{925257E5-D3E7-EF0E-DD8D-E7D98324066A}"
EndProject
Project("{FAE04EC0-301F-11D3-BF4B-00C04F79EFBC}") = "Koalesce.Samples.Swagger", "Koalesce.Samples\Koalesce.Samples.Swagger\Koalesce.Samples.Swagger.csproj", "{CAB7DB58-40D4-E2C9-F164-82D2D5C2C268}"
EndProject
Project("{FAE04EC0-301F-11D3-BF4B-00C04F79EFBC}") = "Koalesce.Samples.YARP", "Koalesce.Samples\Koalesce.Samples.YARP\Koalesce.Samples.YARP.csproj", "{B05A09EA-1472-4405-BA00-CF7E9D8BDCDE}"
EndProject
Global
	GlobalSection(SolutionConfigurationPlatforms) = preSolution
		Debug|Any CPU = Debug|Any CPU
		Release|Any CPU = Release|Any CPU
	EndGlobalSection
	GlobalSection(ProjectConfigurationPlatforms) = postSolution
		{D1E2F3A4-B5C6-7890-ABCD-123456789ABC}.Debug|Any CPU.ActiveCfg = Debug|Any CPU
		{D1E2F3A4-B5C6-7890-ABCD-123456789ABC}.Debug|Any CPU.Build.0 = Debug|Any CPU
		{D1E2F3A4-B5C6-7890-ABCD-123456789ABC}.Release|Any CPU.ActiveCfg = Release|Any CPU
		{D1E2F3A4-B5C6-7890-ABCD-123456789ABC}.Release|Any CPU.Build.0 = Release|Any CPU
		{DBD73E05-8B4A-EAA3-2AF3-4C0188FB706E}.Debug|Any CPU.ActiveCfg = Debug|Any CPU
		{DBD73E05-8B4A-EAA3-2AF3-4C0188FB706E}.Debug|Any CPU.Build.0 = Debug|Any CPU
		{DBD73E05-8B4A-EAA3-2AF3-4C0188FB706E}.Release|Any CPU.ActiveCfg = Release|Any CPU
		{DBD73E05-8B4A-EAA3-2AF3-4C0188FB706E}.Release|Any CPU.Build.0 = Release|Any CPU
		{BB6164C8-7492-6AA7-4008-0D8826C3BDCA}.Debug|Any CPU.ActiveCfg = Debug|Any CPU
		{BB6164C8-7492-6AA7-4008-0D8826C3BDCA}.Debug|Any CPU.Build.0 = Debug|Any CPU
		{BB6164C8-7492-6AA7-4008-0D8826C3BDCA}.Release|Any CPU.ActiveCfg = Release|Any CPU
		{BB6164C8-7492-6AA7-4008-0D8826C3BDCA}.Release|Any CPU.Build.0 = Release|Any CPU
		{12EDDE4D-7791-D733-C76E-9005DA577062}.Debug|Any CPU.ActiveCfg = Debug|Any CPU
		{12EDDE4D-7791-D733-C76E-9005DA577062}.Debug|Any CPU.Build.0 = Debug|Any CPU
		{12EDDE4D-7791-D733-C76E-9005DA577062}.Release|Any CPU.ActiveCfg = Release|Any CPU
		{12EDDE4D-7791-D733-C76E-9005DA577062}.Release|Any CPU.Build.0 = Release|Any CPU
		{2972A6A4-45BF-D6BB-0CB7-8B4F1CE5C42F}.Debug|Any CPU.ActiveCfg = Debug|Any CPU
		{2972A6A4-45BF-D6BB-0CB7-8B4F1CE5C42F}.Debug|Any CPU.Build.0 = Debug|Any CPU
		{2972A6A4-45BF-D6BB-0CB7-8B4F1CE5C42F}.Release|Any CPU.ActiveCfg = Release|Any CPU
		{2972A6A4-45BF-D6BB-0CB7-8B4F1CE5C42F}.Release|Any CPU.Build.0 = Release|Any CPU
		{925257E5-D3E7-EF0E-DD8D-E7D98324066A}.Debug|Any CPU.ActiveCfg = Debug|Any CPU
		{925257E5-D3E7-EF0E-DD8D-E7D98324066A}.Debug|Any CPU.Build.0 = Debug|Any CPU
		{925257E5-D3E7-EF0E-DD8D-E7D98324066A}.Release|Any CPU.ActiveCfg = Release|Any CPU
		{925257E5-D3E7-EF0E-DD8D-E7D98324066A}.Release|Any CPU.Build.0 = Release|Any CPU
		{CAB7DB58-40D4-E2C9-F164-82D2D5C2C268}.Debug|Any CPU.ActiveCfg = Debug|Any CPU
		{CAB7DB58-40D4-E2C9-F164-82D2D5C2C268}.Debug|Any CPU.Build.0 = Debug|Any CPU
		{CAB7DB58-40D4-E2C9-F164-82D2D5C2C268}.Release|Any CPU.ActiveCfg = Release|Any CPU
		{CAB7DB58-40D4-E2C9-F164-82D2D5C2C268}.Release|Any CPU.Build.0 = Release|Any CPU
		{B05A09EA-1472-4405-BA00-CF7E9D8BDCDE}.Debug|Any CPU.ActiveCfg = Debug|Any CPU
		{B05A09EA-1472-4405-BA00-CF7E9D8BDCDE}.Debug|Any CPU.Build.0 = Debug|Any CPU
		{B05A09EA-1472-4405-BA00-CF7E9D8BDCDE}.Release|Any CPU.ActiveCfg = Release|Any CPU
		{B05A09EA-1472-4405-BA00-CF7E9D8BDCDE}.Release|Any CPU.Build.0 = Release|Any CPU
	EndGlobalSection
	GlobalSection(SolutionProperties) = preSolution
		HideSolutionNode = FALSE
	EndGlobalSection
	GlobalSection(NestedProjects) = preSolution
		{D1E2F3A4-B5C6-7890-ABCD-123456789ABC} = {A1B2C3D4-E5F6-7890-ABCD-EF1234567890}
		{C62290A1-D555-44BC-9399-789F9799E526} = {6EFC4701-9ADF-458B-BB9E-3E2B496C91A5}
		{DBD73E05-8B4A-EAA3-2AF3-4C0188FB706E} = {A1B2C3D4-E5F6-7890-ABCD-EF1234567890}
		{BB6164C8-7492-6AA7-4008-0D8826C3BDCA} = {C62290A1-D555-44BC-9399-789F9799E526}
		{12EDDE4D-7791-D733-C76E-9005DA577062} = {C62290A1-D555-44BC-9399-789F9799E526}
		{2972A6A4-45BF-D6BB-0CB7-8B4F1CE5C42F} = {C62290A1-D555-44BC-9399-789F9799E526}
		{925257E5-D3E7-EF0E-DD8D-E7D98324066A} = {6EFC4701-9ADF-458B-BB9E-3E2B496C91A5}
		{CAB7DB58-40D4-E2C9-F164-82D2D5C2C268} = {6EFC4701-9ADF-458B-BB9E-3E2B496C91A5}
		{B05A09EA-1472-4405-BA00-CF7E9D8BDCDE} = {6EFC4701-9ADF-458B-BB9E-3E2B496C91A5}
	EndGlobalSection
	GlobalSection(ExtensibilityGlobals) = postSolution
		SolutionGuid = {AB1241EC-E4BC-4518-A486-776F861DCFA5}
	EndGlobalSection
EndGlobal
